# This file is automatically @generated by Cargo.
# It is not intended for manual editing.
[[package]]
name = "adapter"
version = "0.0.0"
dependencies = [
 "application",
]

[[package]]
name = "application"
version = "0.0.0"
dependencies = [
 "domain",
 "entity",
]

[[package]]
name = "clean-architecture-with-rust"
version = "0.0.0"
dependencies = [
 "infrastructure",
]

[[package]]
name = "domain"
version = "0.0.0"
dependencies = [
 "entity",
]

[[package]]
name = "entity"
version = "0.0.0"

[[package]]
name = "infrastructure"
version = "0.0.0"
dependencies = [
 "adapter",
]
